<?xml version="1.0" encoding="UTF-8"?>
<!DOCTYPE plist PUBLIC "-//Apple//DTD PLIST 1.0//EN" "http://www.apple.com/DTDs/PropertyList-1.0.dtd">
<plist version="1.0">
<dict>
	<key>archiveVersion</key>
	<string>1</string>
	<key>classes</key>
	<dict/>
	<key>objectVersion</key>
	<string>46</string>
	<key>objects</key>
	<dict>
		<key>37AD258F1680D8E000B6BD48</key>
		<dict>
			<key>children</key>
			<array>
				<string>37AD25A41680D8E000B6BD48</string>
				<string>37AD259D1680D8E000B6BD48</string>
				<string>37AD259B1680D8E000B6BD48</string>
			</array>
			<key>isa</key>
			<string>PBXGroup</string>
			<key>sourceTree</key>
			<string>&lt;group&gt;</string>
		</dict>
		<key>37AD25911680D8E000B6BD48</key>
		<dict>
			<key>attributes</key>
			<dict>
				<key>LastUpgradeCheck</key>
				<string>0450</string>
				<key>ORGANIZATIONNAME</key>
				<string>DUPUY Yann</string>
			</dict>
			<key>buildConfigurationList</key>
			<string>37AD25941680D8E000B6BD48</string>
			<key>compatibilityVersion</key>
			<string>Xcode 3.2</string>
			<key>developmentRegion</key>
			<string>English</string>
			<key>hasScannedForEncodings</key>
			<string>0</string>
			<key>isa</key>
			<string>PBXProject</string>
			<key>knownRegions</key>
			<array>
				<string>en</string>
			</array>
			<key>mainGroup</key>
			<string>37AD258F1680D8E000B6BD48</string>
			<key>productRefGroup</key>
			<string>37AD259B1680D8E000B6BD48</string>
			<key>projectDirPath</key>
			<string></string>
			<key>projectReferences</key>
			<array/>
			<key>projectRoot</key>
			<string></string>
			<key>targets</key>
			<array>
				<string>37AD25991680D8E000B6BD48</string>
			</array>
		</dict>
		<key>37AD25941680D8E000B6BD48</key>
		<dict>
			<key>buildConfigurations</key>
			<array>
				<string>37AD25C81680D8E000B6BD48</string>
				<string>37AD25C91680D8E000B6BD48</string>
				<string>37AD25CD1680D90F00B6BD48</string>
			</array>
			<key>defaultConfigurationIsVisible</key>
			<string>0</string>
			<key>defaultConfigurationName</key>
			<string>Release</string>
			<key>isa</key>
			<string>XCConfigurationList</string>
		</dict>
		<key>37AD25961680D8E000B6BD48</key>
		<dict>
			<key>buildActionMask</key>
			<string>2147483647</string>
			<key>files</key>
			<array>
				<string>37AD25AB1680D8E000B6BD48</string>
				<string>37AD25AF1680D8E000B6BD48</string>
				<string>37AD25B81680D8E000B6BD48</string>
				<string>37AD25BB1680D8E000B6BD48</string>
				<string>37AD263D1682364B00B6BD48</string>
				<string>37AD264F1683798C00B6BD48</string>
				<string>37AD26931684935F00B6BD48</string>
				<string>37AD26961684937400B6BD48</string>
				<string>37F3F0A51684B69E00000D42</string>
				<string>37F3F0B4168B2BB500000D42</string>
				<string>37F3F0BC168B4CD500000D42</string>
				<string>7FF09E2317B92B1C0042EB92</string>
			</array>
			<key>isa</key>
			<string>PBXSourcesBuildPhase</string>
			<key>runOnlyForDeploymentPostprocessing</key>
			<string>0</string>
		</dict>
		<key>37AD25971680D8E000B6BD48</key>
		<dict>
			<key>buildActionMask</key>
			<string>2147483647</string>
			<key>files</key>
			<array>
				<string>C91DE07218D232BC00A28AC6</string>
				<string>C98847931961DDB900045F09</string>
				<string>7FF09E1F17B9159F0042EB92</string>
				<string>D9CC610616AEC68800E33E0B</string>
				<string>37AD259F1680D8E000B6BD48</string>
				<string>37AD25A11680D8E000B6BD48</string>
				<string>37AD25A31680D8E000B6BD48</string>
				<string>37AD26141681D2FF00B6BD48</string>
				<string>37AD26161681D2FF00B6BD48</string>
				<string>37AD261C1681D31D00B6BD48</string>
				<string>37AD261D1681D31D00B6BD48</string>
				<string>37AD261E1681D31D00B6BD48</string>
				<string>37AD26201681D31D00B6BD48</string>
			</array>
			<key>isa</key>
			<string>PBXFrameworksBuildPhase</string>
			<key>runOnlyForDeploymentPostprocessing</key>
			<string>0</string>
		</dict>
		<key>37AD25981680D8E000B6BD48</key>
		<dict>
			<key>buildActionMask</key>
			<string>2147483647</string>
			<key>files</key>
			<array>
				<string>37AD25A91680D8E000B6BD48</string>
				<string>37AD25BE1680D8E000B6BD48</string>
				<string>37AD25C11680D8E000B6BD48</string>
				<string>37AD25C41680D8E000B6BD48</string>
				<string>37AD25C71680D8E000B6BD48</string>
				<string>37AD25EC1681B76600B6BD48</string>
				<string>C98847941961DDB900045F09</string>
				<string>37AD25EE1681B76B00B6BD48</string>
				<string>37AD25F01681B77200B6BD48</string>
				<string>37AD25F21681B77900B6BD48</string>
				<string>37AD25F41681B79500B6BD48</string>
				<string>37AD25F61681B79C00B6BD48</string>
				<string>37AD25F81681B7A300B6BD48</string>
				<string>37AD25FA1681B90300B6BD48</string>
				<string>37AD25FC1681B90900B6BD48</string>
				<string>37AD25FE1681B90E00B6BD48</string>
				<string>37AD26001681B91200B6BD48</string>
				<string>37AD26231681D9FD00B6BD48</string>
				<string>37AD263E1682364B00B6BD48</string>
				<string>37AD264A168378EE00B6BD48</string>
				<string>37AD26501683798C00B6BD48</string>
				<string>C97477E2197945D000B4C4B6</string>
				<string>37F3F0A31684B69E00000D42</string>
				<string>37F3F0A41684B69E00000D42</string>
				<string>37F3F0A91684B76C00000D42</string>
				<string>37F3F0AA1684B76C00000D42</string>
				<string>37F3F0B5168B2BB500000D42</string>
				<string>37B0D7AB16958342008C5842</string>
			</array>
			<key>isa</key>
			<string>PBXResourcesBuildPhase</string>
			<key>runOnlyForDeploymentPostprocessing</key>
			<string>0</string>
		</dict>
		<key>37AD25991680D8E000B6BD48</key>
		<dict>
			<key>buildConfigurationList</key>
			<string>37AD25CA1680D8E000B6BD48</string>
			<key>buildPhases</key>
			<array>
				<string>37AD25961680D8E000B6BD48</string>
				<string>37AD25971680D8E000B6BD48</string>
				<string>37AD25981680D8E000B6BD48</string>
			</array>
			<key>buildRules</key>
			<array/>
			<key>dependencies</key>
			<array/>
			<key>isa</key>
			<string>PBXNativeTarget</string>
			<key>name</key>
			<string>LAD-DFP</string>
			<key>productName</key>
			<string>LAD-DFP</string>
			<key>productReference</key>
			<string>37AD259A1680D8E000B6BD48</string>
			<key>productType</key>
			<string>com.apple.product-type.application</string>
		</dict>
		<key>37AD259A1680D8E000B6BD48</key>
		<dict>
			<key>explicitFileType</key>
			<string>wrapper.application</string>
			<key>includeInIndex</key>
			<string>0</string>
			<key>isa</key>
			<string>PBXFileReference</string>
			<key>path</key>
			<string>LAD-DFP.app</string>
			<key>sourceTree</key>
			<string>BUILT_PRODUCTS_DIR</string>
		</dict>
		<key>37AD259B1680D8E000B6BD48</key>
		<dict>
			<key>children</key>
			<array>
				<string>37AD259A1680D8E000B6BD48</string>
			</array>
			<key>isa</key>
			<string>PBXGroup</string>
			<key>name</key>
			<string>Products</string>
			<key>sourceTree</key>
			<string>&lt;group&gt;</string>
		</dict>
		<key>37AD259D1680D8E000B6BD48</key>
		<dict>
			<key>children</key>
			<array>
				<string>C91DE06F18D2326D00A28AC6</string>
				<string>7FF09E1E17B9159F0042EB92</string>
				<string>D9CC610516AEC68800E33E0B</string>
				<string>37AD26171681D31D00B6BD48</string>
				<string>37AD26181681D31D00B6BD48</string>
				<string>37AD26191681D31D00B6BD48</string>
				<string>37AD261A1681D31D00B6BD48</string>
				<string>37AD261B1681D31D00B6BD48</string>
				<string>37AD26111681D2FF00B6BD48</string>
				<string>37AD26121681D2FF00B6BD48</string>
				<string>37AD26131681D2FF00B6BD48</string>
				<string>37AD259E1680D8E000B6BD48</string>
				<string>37AD25A01680D8E000B6BD48</string>
				<string>37AD25A21680D8E000B6BD48</string>
			</array>
			<key>isa</key>
			<string>PBXGroup</string>
			<key>name</key>
			<string>Frameworks</string>
			<key>sourceTree</key>
			<string>&lt;group&gt;</string>
		</dict>
		<key>37AD259E1680D8E000B6BD48</key>
		<dict>
			<key>isa</key>
			<string>PBXFileReference</string>
			<key>lastKnownFileType</key>
			<string>wrapper.framework</string>
			<key>name</key>
			<string>UIKit.framework</string>
			<key>path</key>
			<string>System/Library/Frameworks/UIKit.framework</string>
			<key>sourceTree</key>
			<string>SDKROOT</string>
		</dict>
		<key>37AD259F1680D8E000B6BD48</key>
		<dict>
			<key>fileRef</key>
			<string>37AD259E1680D8E000B6BD48</string>
			<key>isa</key>
			<string>PBXBuildFile</string>
		</dict>
		<key>37AD25A01680D8E000B6BD48</key>
		<dict>
			<key>isa</key>
			<string>PBXFileReference</string>
			<key>lastKnownFileType</key>
			<string>wrapper.framework</string>
			<key>name</key>
			<string>Foundation.framework</string>
			<key>path</key>
			<string>System/Library/Frameworks/Foundation.framework</string>
			<key>sourceTree</key>
			<string>SDKROOT</string>
		</dict>
		<key>37AD25A11680D8E000B6BD48</key>
		<dict>
			<key>fileRef</key>
			<string>37AD25A01680D8E000B6BD48</string>
			<key>isa</key>
			<string>PBXBuildFile</string>
		</dict>
		<key>37AD25A21680D8E000B6BD48</key>
		<dict>
			<key>isa</key>
			<string>PBXFileReference</string>
			<key>lastKnownFileType</key>
			<string>wrapper.framework</string>
			<key>name</key>
			<string>CoreGraphics.framework</string>
			<key>path</key>
			<string>System/Library/Frameworks/CoreGraphics.framework</string>
			<key>sourceTree</key>
			<string>SDKROOT</string>
		</dict>
		<key>37AD25A31680D8E000B6BD48</key>
		<dict>
			<key>fileRef</key>
			<string>37AD25A21680D8E000B6BD48</string>
			<key>isa</key>
			<string>PBXBuildFile</string>
		</dict>
		<key>37AD25A41680D8E000B6BD48</key>
		<dict>
			<key>children</key>
			<array>
				<string>37AD26041681BC8500B6BD48</string>
				<string>37AD26011681B91D00B6BD48</string>
				<string>37AD25A51680D8E000B6BD48</string>
			</array>
			<key>isa</key>
			<string>PBXGroup</string>
			<key>path</key>
			<string>LAD-DFP</string>
			<key>sourceTree</key>
			<string>&lt;group&gt;</string>
		</dict>
		<key>37AD25A51680D8E000B6BD48</key>
		<dict>
			<key>children</key>
			<array>
				<string>37AD25A61680D8E000B6BD48</string>
				<string>37AD25A71680D8E000B6BD48</string>
				<string>37AD25AA1680D8E000B6BD48</string>
				<string>37AD25AC1680D8E000B6BD48</string>
				<string>37AD26081681C4B800B6BD48</string>
			</array>
			<key>isa</key>
			<string>PBXGroup</string>
			<key>name</key>
			<string>Supporting Files</string>
			<key>sourceTree</key>
			<string>&lt;group&gt;</string>
		</dict>
		<key>37AD25A61680D8E000B6BD48</key>
		<dict>
			<key>isa</key>
			<string>PBXFileReference</string>
			<key>lastKnownFileType</key>
			<string>text.plist.xml</string>
			<key>path</key>
			<string>LAD-DFP-Info.plist</string>
			<key>sourceTree</key>
			<string>&lt;group&gt;</string>
		</dict>
		<key>37AD25A71680D8E000B6BD48</key>
		<dict>
			<key>children</key>
			<array>
				<string>37AD25A81680D8E000B6BD48</string>
			</array>
			<key>isa</key>
			<string>PBXVariantGroup</string>
			<key>name</key>
			<string>InfoPlist.strings</string>
			<key>sourceTree</key>
			<string>&lt;group&gt;</string>
		</dict>
		<key>37AD25A81680D8E000B6BD48</key>
		<dict>
			<key>isa</key>
			<string>PBXFileReference</string>
			<key>lastKnownFileType</key>
			<string>text.plist.strings</string>
			<key>name</key>
			<string>en</string>
			<key>path</key>
			<string>en.lproj/InfoPlist.strings</string>
			<key>sourceTree</key>
			<string>&lt;group&gt;</string>
		</dict>
		<key>37AD25A91680D8E000B6BD48</key>
		<dict>
			<key>fileRef</key>
			<string>37AD25A71680D8E000B6BD48</string>
			<key>isa</key>
			<string>PBXBuildFile</string>
		</dict>
		<key>37AD25AA1680D8E000B6BD48</key>
		<dict>
			<key>isa</key>
			<string>PBXFileReference</string>
			<key>lastKnownFileType</key>
			<string>sourcecode.c.objc</string>
			<key>path</key>
			<string>main.m</string>
			<key>sourceTree</key>
			<string>&lt;group&gt;</string>
		</dict>
		<key>37AD25AB1680D8E000B6BD48</key>
		<dict>
			<key>fileRef</key>
			<string>37AD25AA1680D8E000B6BD48</string>
			<key>isa</key>
			<string>PBXBuildFile</string>
		</dict>
		<key>37AD25AC1680D8E000B6BD48</key>
		<dict>
			<key>isa</key>
			<string>PBXFileReference</string>
			<key>lastKnownFileType</key>
			<string>sourcecode.c.h</string>
			<key>path</key>
			<string>LAD-DFP-Prefix.pch</string>
			<key>sourceTree</key>
			<string>&lt;group&gt;</string>
		</dict>
		<key>37AD25AD1680D8E000B6BD48</key>
		<dict>
			<key>isa</key>
			<string>PBXFileReference</string>
			<key>lastKnownFileType</key>
			<string>sourcecode.c.h</string>
			<key>path</key>
			<string>AppDelegate.h</string>
			<key>sourceTree</key>
			<string>&lt;group&gt;</string>
		</dict>
		<key>37AD25AE1680D8E000B6BD48</key>
		<dict>
			<key>isa</key>
			<string>PBXFileReference</string>
			<key>lastKnownFileType</key>
			<string>sourcecode.c.objc</string>
			<key>path</key>
			<string>AppDelegate.m</string>
			<key>sourceTree</key>
			<string>&lt;group&gt;</string>
		</dict>
		<key>37AD25AF1680D8E000B6BD48</key>
		<dict>
			<key>fileRef</key>
			<string>37AD25AE1680D8E000B6BD48</string>
			<key>isa</key>
			<string>PBXBuildFile</string>
		</dict>
		<key>37AD25B61680D8E000B6BD48</key>
		<dict>
			<key>isa</key>
			<string>PBXFileReference</string>
			<key>lastKnownFileType</key>
			<string>sourcecode.c.h</string>
			<key>path</key>
			<string>MasterViewController.h</string>
			<key>sourceTree</key>
			<string>&lt;group&gt;</string>
		</dict>
		<key>37AD25B71680D8E000B6BD48</key>
		<dict>
			<key>isa</key>
			<string>PBXFileReference</string>
			<key>lastKnownFileType</key>
			<string>sourcecode.c.objc</string>
			<key>path</key>
			<string>MasterViewController.m</string>
			<key>sourceTree</key>
			<string>&lt;group&gt;</string>
		</dict>
		<key>37AD25B81680D8E000B6BD48</key>
		<dict>
			<key>fileRef</key>
			<string>37AD25B71680D8E000B6BD48</string>
			<key>isa</key>
			<string>PBXBuildFile</string>
		</dict>
		<key>37AD25B91680D8E000B6BD48</key>
		<dict>
			<key>isa</key>
			<string>PBXFileReference</string>
			<key>lastKnownFileType</key>
			<string>sourcecode.c.h</string>
			<key>path</key>
			<string>BannerViewController.h</string>
			<key>sourceTree</key>
			<string>&lt;group&gt;</string>
		</dict>
		<key>37AD25BA1680D8E000B6BD48</key>
		<dict>
			<key>isa</key>
			<string>PBXFileReference</string>
			<key>lastKnownFileType</key>
			<string>sourcecode.c.objc</string>
			<key>path</key>
			<string>BannerViewController.m</string>
			<key>sourceTree</key>
			<string>&lt;group&gt;</string>
		</dict>
		<key>37AD25BB1680D8E000B6BD48</key>
		<dict>
			<key>fileRef</key>
			<string>37AD25BA1680D8E000B6BD48</string>
			<key>isa</key>
			<string>PBXBuildFile</string>
		</dict>
		<key>37AD25BC1680D8E000B6BD48</key>
		<dict>
			<key>children</key>
			<array>
				<string>37AD25BD1680D8E000B6BD48</string>
			</array>
			<key>isa</key>
			<string>PBXVariantGroup</string>
			<key>name</key>
			<string>MasterViewController_iPhone.xib</string>
			<key>sourceTree</key>
			<string>&lt;group&gt;</string>
		</dict>
		<key>37AD25BD1680D8E000B6BD48</key>
		<dict>
			<key>isa</key>
			<string>PBXFileReference</string>
			<key>lastKnownFileType</key>
			<string>file.xib</string>
			<key>name</key>
			<string>en</string>
			<key>path</key>
			<string>en.lproj/MasterViewController_iPhone.xib</string>
			<key>sourceTree</key>
			<string>&lt;group&gt;</string>
		</dict>
		<key>37AD25BE1680D8E000B6BD48</key>
		<dict>
			<key>fileRef</key>
			<string>37AD25BC1680D8E000B6BD48</string>
			<key>isa</key>
			<string>PBXBuildFile</string>
		</dict>
		<key>37AD25BF1680D8E000B6BD48</key>
		<dict>
			<key>children</key>
			<array>
				<string>37AD25C01680D8E000B6BD48</string>
			</array>
			<key>isa</key>
			<string>PBXVariantGroup</string>
			<key>name</key>
			<string>MasterViewController_iPad.xib</string>
			<key>sourceTree</key>
			<string>&lt;group&gt;</string>
		</dict>
		<key>37AD25C01680D8E000B6BD48</key>
		<dict>
			<key>isa</key>
			<string>PBXFileReference</string>
			<key>lastKnownFileType</key>
			<string>file.xib</string>
			<key>name</key>
			<string>en</string>
			<key>path</key>
			<string>en.lproj/MasterViewController_iPad.xib</string>
			<key>sourceTree</key>
			<string>&lt;group&gt;</string>
		</dict>
		<key>37AD25C11680D8E000B6BD48</key>
		<dict>
			<key>fileRef</key>
			<string>37AD25BF1680D8E000B6BD48</string>
			<key>isa</key>
			<string>PBXBuildFile</string>
		</dict>
		<key>37AD25C21680D8E000B6BD48</key>
		<dict>
			<key>children</key>
			<array>
				<string>37AD25C31680D8E000B6BD48</string>
			</array>
			<key>isa</key>
			<string>PBXVariantGroup</string>
			<key>name</key>
			<string>BannerViewController_iPhone.xib</string>
			<key>sourceTree</key>
			<string>&lt;group&gt;</string>
		</dict>
		<key>37AD25C31680D8E000B6BD48</key>
		<dict>
			<key>isa</key>
			<string>PBXFileReference</string>
			<key>lastKnownFileType</key>
			<string>file.xib</string>
			<key>name</key>
			<string>en</string>
			<key>path</key>
			<string>en.lproj/BannerViewController_iPhone.xib</string>
			<key>sourceTree</key>
			<string>&lt;group&gt;</string>
		</dict>
		<key>37AD25C41680D8E000B6BD48</key>
		<dict>
			<key>fileRef</key>
			<string>37AD25C21680D8E000B6BD48</string>
			<key>isa</key>
			<string>PBXBuildFile</string>
		</dict>
		<key>37AD25C51680D8E000B6BD48</key>
		<dict>
			<key>children</key>
			<array>
				<string>37AD25C61680D8E000B6BD48</string>
			</array>
			<key>isa</key>
			<string>PBXVariantGroup</string>
			<key>name</key>
			<string>BannerViewController_iPad.xib</string>
			<key>sourceTree</key>
			<string>&lt;group&gt;</string>
		</dict>
		<key>37AD25C61680D8E000B6BD48</key>
		<dict>
			<key>isa</key>
			<string>PBXFileReference</string>
			<key>lastKnownFileType</key>
			<string>file.xib</string>
			<key>name</key>
			<string>en</string>
			<key>path</key>
			<string>en.lproj/BannerViewController_iPad.xib</string>
			<key>sourceTree</key>
			<string>&lt;group&gt;</string>
		</dict>
		<key>37AD25C71680D8E000B6BD48</key>
		<dict>
			<key>fileRef</key>
			<string>37AD25C51680D8E000B6BD48</string>
			<key>isa</key>
			<string>PBXBuildFile</string>
		</dict>
		<key>37AD25C81680D8E000B6BD48</key>
		<dict>
			<key>buildSettings</key>
			<dict>
				<key>ALWAYS_SEARCH_USER_PATHS</key>
				<string>NO</string>
				<key>CLANG_CXX_LANGUAGE_STANDARD</key>
				<string>gnu++0x</string>
				<key>CLANG_CXX_LIBRARY</key>
				<string>libc++</string>
				<key>CLANG_WARN_EMPTY_BODY</key>
				<string>YES</string>
				<key>CLANG_WARN__DUPLICATE_METHOD_MATCH</key>
				<string>YES</string>
				<key>CODE_SIGN_IDENTITY[sdk=iphoneos*]</key>
				<string></string>
				<key>COPY_PHASE_STRIP</key>
				<string>NO</string>
				<key>GCC_C_LANGUAGE_STANDARD</key>
				<string>gnu99</string>
				<key>GCC_DYNAMIC_NO_PIC</key>
				<string>NO</string>
				<key>GCC_OPTIMIZATION_LEVEL</key>
				<string>0</string>
				<key>GCC_PREPROCESSOR_DEFINITIONS</key>
				<array>
					<string>DEBUG=1</string>
					<string>$(inherited)</string>
				</array>
				<key>GCC_SYMBOLS_PRIVATE_EXTERN</key>
				<string>NO</string>
				<key>GCC_WARN_ABOUT_RETURN_TYPE</key>
				<string>YES</string>
				<key>GCC_WARN_UNINITIALIZED_AUTOS</key>
				<string>YES</string>
				<key>GCC_WARN_UNUSED_VARIABLE</key>
				<string>YES</string>
				<key>IPHONEOS_DEPLOYMENT_TARGET</key>
				<string>6.0</string>
				<key>ONLY_ACTIVE_ARCH</key>
				<string>YES</string>
				<key>SDKROOT</key>
				<string>iphoneos</string>
				<key>TARGETED_DEVICE_FAMILY</key>
				<string>1,2</string>
			</dict>
			<key>isa</key>
			<string>XCBuildConfiguration</string>
			<key>name</key>
			<string>Debug</string>
		</dict>
		<key>37AD25C91680D8E000B6BD48</key>
		<dict>
			<key>buildSettings</key>
			<dict>
				<key>ALWAYS_SEARCH_USER_PATHS</key>
				<string>NO</string>
				<key>CLANG_CXX_LANGUAGE_STANDARD</key>
				<string>gnu++0x</string>
				<key>CLANG_CXX_LIBRARY</key>
				<string>libc++</string>
				<key>CLANG_WARN_EMPTY_BODY</key>
				<string>YES</string>
				<key>CLANG_WARN__DUPLICATE_METHOD_MATCH</key>
				<string>YES</string>
				<key>CODE_SIGN_IDENTITY[sdk=iphoneos*]</key>
				<string></string>
				<key>COPY_PHASE_STRIP</key>
				<string>YES</string>
				<key>GCC_C_LANGUAGE_STANDARD</key>
				<string>gnu99</string>
				<key>GCC_WARN_ABOUT_RETURN_TYPE</key>
				<string>YES</string>
				<key>GCC_WARN_UNINITIALIZED_AUTOS</key>
				<string>YES</string>
				<key>GCC_WARN_UNUSED_VARIABLE</key>
				<string>YES</string>
				<key>IPHONEOS_DEPLOYMENT_TARGET</key>
				<string>6.0</string>
				<key>OTHER_CFLAGS</key>
				<string>-DNS_BLOCK_ASSERTIONS=1</string>
				<key>SDKROOT</key>
				<string>iphoneos</string>
				<key>TARGETED_DEVICE_FAMILY</key>
				<string>1,2</string>
				<key>VALIDATE_PRODUCT</key>
				<string>YES</string>
			</dict>
			<key>isa</key>
			<string>XCBuildConfiguration</string>
			<key>name</key>
			<string>Release</string>
		</dict>
		<key>37AD25CA1680D8E000B6BD48</key>
		<dict>
			<key>buildConfigurations</key>
			<array>
				<string>37AD25CB1680D8E000B6BD48</string>
				<string>37AD25CC1680D8E000B6BD48</string>
				<string>37AD25CE1680D90F00B6BD48</string>
			</array>
			<key>defaultConfigurationIsVisible</key>
			<string>0</string>
			<key>defaultConfigurationName</key>
			<string>Release</string>
			<key>isa</key>
			<string>XCConfigurationList</string>
		</dict>
		<key>37AD25CB1680D8E000B6BD48</key>
		<dict>
			<key>buildSettings</key>
			<dict>
				<key>CODE_SIGN_IDENTITY</key>
				<string></string>
				<key>CODE_SIGN_IDENTITY[sdk=iphoneos*]</key>
				<string>iPhone Developer: stephane couzinier (Y6H5Q2262Q)</string>
				<key>GCC_PRECOMPILE_PREFIX_HEADER</key>
				<string>YES</string>
				<key>GCC_PREFIX_HEADER</key>
				<string>LAD-DFP/LAD-DFP-Prefix.pch</string>
				<key>GCC_PREPROCESSOR_DEFINITIONS</key>
				<array>
					<string>DEBUG=1</string>
					<string>$(inherited)</string>
					<string>SCRIPT_DRIVEN_TEST_MODE_ENABLED</string>
				</array>
				<key>INFOPLIST_FILE</key>
				<string>LAD-DFP/LAD-DFP-Info.plist</string>
				<key>IPHONEOS_DEPLOYMENT_TARGET</key>
				<string>5.0</string>
				<key>LIBRARY_SEARCH_PATHS</key>
				<array>
					<string>$(inherited)</string>
					<string>$(PROJECT_DIR)/LAD-DFP/GoogleDFP_SDKs/**</string>
					<string>$(PROJECT_DIR)/LAD-DFP/GoogleDFP_SDKs/GoogleMobileAdsSdkiOS-6.9.3</string>
				</array>
				<key>OTHER_CFLAGS</key>
				<string>-DDFPSAMPLE</string>
				<key>OTHER_LDFLAGS</key>
				<string>-ObjC</string>
				<key>PRODUCT_NAME</key>
				<string>$(TARGET_NAME)</string>
				<key>PROVISIONING_PROFILE[sdk=iphoneos*]</key>
				<string>9E7AA95F-8271-456E-B082-48FF31959F59</string>
				<key>VALID_ARCHS</key>
				<string>armv7 armv7s</string>
				<key>WRAPPER_EXTENSION</key>
				<string>app</string>
			</dict>
			<key>isa</key>
			<string>XCBuildConfiguration</string>
			<key>name</key>
			<string>Debug</string>
		</dict>
		<key>37AD25CC1680D8E000B6BD48</key>
		<dict>
			<key>buildSettings</key>
			<dict>
				<key>CODE_SIGN_IDENTITY</key>
				<string></string>
				<key>GCC_PRECOMPILE_PREFIX_HEADER</key>
				<string>YES</string>
				<key>GCC_PREFIX_HEADER</key>
				<string>LAD-DFP/LAD-DFP-Prefix.pch</string>
				<key>INFOPLIST_FILE</key>
				<string>LAD-DFP/LAD-DFP-Info.plist</string>
				<key>IPHONEOS_DEPLOYMENT_TARGET</key>
				<string>5.0</string>
				<key>LIBRARY_SEARCH_PATHS</key>
				<array>
					<string>$(inherited)</string>
					<string>$(PROJECT_DIR)/LAD-DFP/GoogleDFP_SDKs/**</string>
					<string>$(PROJECT_DIR)/LAD-DFP/GoogleDFP_SDKs/GoogleMobileAdsSdkiOS-6.9.3</string>
				</array>
				<key>OTHER_LDFLAGS</key>
				<string>-ObjC</string>
				<key>PRODUCT_NAME</key>
				<string>$(TARGET_NAME)</string>
				<key>VALID_ARCHS</key>
				<string>armv7 armv7s</string>
				<key>WRAPPER_EXTENSION</key>
				<string>app</string>
			</dict>
			<key>isa</key>
			<string>XCBuildConfiguration</string>
			<key>name</key>
			<string>Release</string>
		</dict>
		<key>37AD25CD1680D90F00B6BD48</key>
		<dict>
			<key>buildSettings</key>
			<dict>
				<key>ALWAYS_SEARCH_USER_PATHS</key>
				<string>NO</string>
				<key>CLANG_CXX_LANGUAGE_STANDARD</key>
				<string>gnu++0x</string>
				<key>CLANG_CXX_LIBRARY</key>
				<string>libc++</string>
				<key>CLANG_WARN_EMPTY_BODY</key>
				<string>YES</string>
				<key>CLANG_WARN__DUPLICATE_METHOD_MATCH</key>
				<string>YES</string>
				<key>CODE_SIGN_IDENTITY[sdk=iphoneos*]</key>
				<string></string>
				<key>COPY_PHASE_STRIP</key>
				<string>YES</string>
				<key>GCC_C_LANGUAGE_STANDARD</key>
				<string>gnu99</string>
				<key>GCC_WARN_ABOUT_RETURN_TYPE</key>
				<string>YES</string>
				<key>GCC_WARN_UNINITIALIZED_AUTOS</key>
				<string>YES</string>
				<key>GCC_WARN_UNUSED_VARIABLE</key>
				<string>YES</string>
				<key>IPHONEOS_DEPLOYMENT_TARGET</key>
				<string>6.0</string>
				<key>OTHER_CFLAGS</key>
				<string>-DNS_BLOCK_ASSERTIONS=1</string>
				<key>SDKROOT</key>
				<string>iphoneos</string>
				<key>TARGETED_DEVICE_FAMILY</key>
				<string>1,2</string>
				<key>VALIDATE_PRODUCT</key>
				<string>YES</string>
			</dict>
			<key>isa</key>
			<string>XCBuildConfiguration</string>
			<key>name</key>
			<string>InHouse</string>
		</dict>
		<key>37AD25CE1680D90F00B6BD48</key>
		<dict>
			<key>buildSettings</key>
			<dict>
				<key>CODE_SIGN_IDENTITY</key>
				<string></string>
				<key>CODE_SIGN_IDENTITY[sdk=iphoneos*]</key>
				<string>iPhone Distribution: LAGARDERE DIGITAL FRANCE</string>
				<key>GCC_PRECOMPILE_PREFIX_HEADER</key>
				<string>YES</string>
				<key>GCC_PREFIX_HEADER</key>
				<string>LAD-DFP/LAD-DFP-Prefix.pch</string>
				<key>INFOPLIST_FILE</key>
				<string>LAD-DFP/LAD-DFP-Info.plist</string>
				<key>IPHONEOS_DEPLOYMENT_TARGET</key>
				<string>5.0</string>
				<key>LIBRARY_SEARCH_PATHS</key>
				<array>
					<string>$(inherited)</string>
					<string>$(PROJECT_DIR)/LAD-DFP/GoogleDFP_SDKs/**</string>
					<string>$(PROJECT_DIR)/LAD-DFP/GoogleDFP_SDKs/GoogleMobileAdsSdkiOS-6.9.3</string>
				</array>
				<key>OTHER_CFLAGS</key>
				<array>
					<string>-DNS_BLOCK_ASSERTIONS=1</string>
					<string>-DDFPSAMPLE</string>
				</array>
				<key>OTHER_LDFLAGS</key>
				<string>-ObjC</string>
				<key>PRODUCT_NAME</key>
				<string>$(TARGET_NAME)</string>
				<key>PROVISIONING_PROFILE[sdk=iphoneos*]</key>
				<string>B771C688-8839-4544-9166-AB1E16799764</string>
				<key>VALID_ARCHS</key>
				<string>armv7 armv7s</string>
				<key>WRAPPER_EXTENSION</key>
				<string>app</string>
			</dict>
			<key>isa</key>
			<string>XCBuildConfiguration</string>
			<key>name</key>
			<string>InHouse</string>
		</dict>
		<key>37AD25EB1681B76600B6BD48</key>
		<dict>
			<key>isa</key>
			<string>PBXFileReference</string>
			<key>lastKnownFileType</key>
			<string>image.png</string>
			<key>name</key>
			<string>Icon-72.png</string>
			<key>path</key>
			<string>../Icon-72.png</string>
			<key>sourceTree</key>
			<string>&lt;group&gt;</string>
		</dict>
		<key>37AD25EC1681B76600B6BD48</key>
		<dict>
			<key>fileRef</key>
			<string>37AD25EB1681B76600B6BD48</string>
			<key>isa</key>
			<string>PBXBuildFile</string>
		</dict>
		<key>37AD25ED1681B76B00B6BD48</key>
		<dict>
			<key>isa</key>
			<string>PBXFileReference</string>
			<key>lastKnownFileType</key>
			<string>image.png</string>
			<key>name</key>
			<string>Icon-72@2x.png</string>
			<key>path</key>
			<string>../Icon-72@2x.png</string>
			<key>sourceTree</key>
			<string>&lt;group&gt;</string>
		</dict>
		<key>37AD25EE1681B76B00B6BD48</key>
		<dict>
			<key>fileRef</key>
			<string>37AD25ED1681B76B00B6BD48</string>
			<key>isa</key>
			<string>PBXBuildFile</string>
		</dict>
		<key>37AD25EF1681B77200B6BD48</key>
		<dict>
			<key>isa</key>
			<string>PBXFileReference</string>
			<key>lastKnownFileType</key>
			<string>image.png</string>
			<key>name</key>
			<string>Icon.png</string>
			<key>path</key>
			<string>../Icon.png</string>
			<key>sourceTree</key>
			<string>&lt;group&gt;</string>
		</dict>
		<key>37AD25F01681B77200B6BD48</key>
		<dict>
			<key>fileRef</key>
			<string>37AD25EF1681B77200B6BD48</string>
			<key>isa</key>
			<string>PBXBuildFile</string>
		</dict>
		<key>37AD25F11681B77900B6BD48</key>
		<dict>
			<key>isa</key>
			<string>PBXFileReference</string>
			<key>lastKnownFileType</key>
			<string>image.png</string>
			<key>name</key>
			<string>Icon@2x.png</string>
			<key>path</key>
			<string>../Icon@2x.png</string>
			<key>sourceTree</key>
			<string>&lt;group&gt;</string>
		</dict>
		<key>37AD25F21681B77900B6BD48</key>
		<dict>
			<key>fileRef</key>
			<string>37AD25F11681B77900B6BD48</string>
			<key>isa</key>
			<string>PBXBuildFile</string>
		</dict>
		<key>37AD25F31681B79500B6BD48</key>
		<dict>
			<key>isa</key>
			<string>PBXFileReference</string>
			<key>lastKnownFileType</key>
			<string>image.png</string>
			<key>name</key>
			<string>Default.png</string>
			<key>path</key>
			<string>../Default.png</string>
			<key>sourceTree</key>
			<string>&lt;group&gt;</string>
		</dict>
		<key>37AD25F41681B79500B6BD48</key>
		<dict>
			<key>fileRef</key>
			<string>37AD25F31681B79500B6BD48</string>
			<key>isa</key>
			<string>PBXBuildFile</string>
		</dict>
		<key>37AD25F51681B79C00B6BD48</key>
		<dict>
			<key>isa</key>
			<string>PBXFileReference</string>
			<key>lastKnownFileType</key>
			<string>image.png</string>
			<key>name</key>
			<string>Default@2x.png</string>
			<key>path</key>
			<string>../Default@2x.png</string>
			<key>sourceTree</key>
			<string>&lt;group&gt;</string>
		</dict>
		<key>37AD25F61681B79C00B6BD48</key>
		<dict>
			<key>fileRef</key>
			<string>37AD25F51681B79C00B6BD48</string>
			<key>isa</key>
			<string>PBXBuildFile</string>
		</dict>
		<key>37AD25F71681B7A300B6BD48</key>
		<dict>
			<key>isa</key>
			<string>PBXFileReference</string>
			<key>lastKnownFileType</key>
			<string>image.png</string>
			<key>name</key>
			<string>Default-568h@2x.png</string>
			<key>path</key>
			<string>../Default-568h@2x.png</string>
			<key>sourceTree</key>
			<string>&lt;group&gt;</string>
		</dict>
		<key>37AD25F81681B7A300B6BD48</key>
		<dict>
			<key>fileRef</key>
			<string>37AD25F71681B7A300B6BD48</string>
			<key>isa</key>
			<string>PBXBuildFile</string>
		</dict>
		<key>37AD25F91681B90300B6BD48</key>
		<dict>
			<key>isa</key>
			<string>PBXFileReference</string>
			<key>lastKnownFileType</key>
			<string>image.png</string>
			<key>name</key>
			<string>Default-Landscape@2x~ipad.png</string>
			<key>path</key>
			<string>../Default-Landscape@2x~ipad.png</string>
			<key>sourceTree</key>
			<string>&lt;group&gt;</string>
		</dict>
		<key>37AD25FA1681B90300B6BD48</key>
		<dict>
			<key>fileRef</key>
			<string>37AD25F91681B90300B6BD48</string>
			<key>isa</key>
			<string>PBXBuildFile</string>
		</dict>
		<key>37AD25FB1681B90900B6BD48</key>
		<dict>
			<key>isa</key>
			<string>PBXFileReference</string>
			<key>lastKnownFileType</key>
			<string>image.png</string>
			<key>name</key>
			<string>Default-Landscape~ipad.png</string>
			<key>path</key>
			<string>../Default-Landscape~ipad.png</string>
			<key>sourceTree</key>
			<string>&lt;group&gt;</string>
		</dict>
		<key>37AD25FC1681B90900B6BD48</key>
		<dict>
			<key>fileRef</key>
			<string>37AD25FB1681B90900B6BD48</string>
			<key>isa</key>
			<string>PBXBuildFile</string>
		</dict>
		<key>37AD25FD1681B90E00B6BD48</key>
		<dict>
			<key>isa</key>
			<string>PBXFileReference</string>
			<key>lastKnownFileType</key>
			<string>image.png</string>
			<key>name</key>
			<string>Default-Portrait~ipad.png</string>
			<key>path</key>
			<string>../Default-Portrait~ipad.png</string>
			<key>sourceTree</key>
			<string>&lt;group&gt;</string>
		</dict>
		<key>37AD25FE1681B90E00B6BD48</key>
		<dict>
			<key>fileRef</key>
			<string>37AD25FD1681B90E00B6BD48</string>
			<key>isa</key>
			<string>PBXBuildFile</string>
		</dict>
		<key>37AD25FF1681B91200B6BD48</key>
		<dict>
			<key>isa</key>
			<string>PBXFileReference</string>
			<key>lastKnownFileType</key>
			<string>image.png</string>
			<key>name</key>
			<string>Default-Portrait@2x~ipad.png</string>
			<key>path</key>
			<string>../Default-Portrait@2x~ipad.png</string>
			<key>sourceTree</key>
			<string>&lt;group&gt;</string>
		</dict>
		<key>37AD26001681B91200B6BD48</key>
		<dict>
			<key>fileRef</key>
			<string>37AD25FF1681B91200B6BD48</string>
			<key>isa</key>
			<string>PBXBuildFile</string>
		</dict>
		<key>37AD26011681B91D00B6BD48</key>
		<dict>
			<key>children</key>
			<array>
				<string>37AD26211681D9FD00B6BD48</string>
				<string>37AD26031681B93900B6BD48</string>
				<string>37AD26021681B92500B6BD48</string>
			</array>
			<key>isa</key>
			<string>PBXGroup</string>
			<key>name</key>
			<string>Ressources</string>
			<key>sourceTree</key>
			<string>&lt;group&gt;</string>
		</dict>
		<key>37AD26021681B92500B6BD48</key>
		<dict>
			<key>children</key>
			<array>
				<string>C97477E1197945D000B4C4B6</string>
				<string>37AD25F11681B77900B6BD48</string>
				<string>37AD25EF1681B77200B6BD48</string>
				<string>37AD25ED1681B76B00B6BD48</string>
				<string>37AD25EB1681B76600B6BD48</string>
			</array>
			<key>isa</key>
			<string>PBXGroup</string>
			<key>name</key>
			<string>AppIcon</string>
			<key>sourceTree</key>
			<string>&lt;group&gt;</string>
		</dict>
		<key>37AD26031681B93900B6BD48</key>
		<dict>
			<key>children</key>
			<array>
				<string>37AD25FF1681B91200B6BD48</string>
				<string>37AD25FD1681B90E00B6BD48</string>
				<string>37AD25FB1681B90900B6BD48</string>
				<string>37AD25F91681B90300B6BD48</string>
				<string>37AD25F71681B7A300B6BD48</string>
				<string>37AD25F51681B79C00B6BD48</string>
				<string>37AD25F31681B79500B6BD48</string>
			</array>
			<key>isa</key>
			<string>PBXGroup</string>
			<key>name</key>
			<string>Default</string>
			<key>sourceTree</key>
			<string>&lt;group&gt;</string>
		</dict>
		<key>37AD26041681BC8500B6BD48</key>
		<dict>
			<key>children</key>
			<array>
				<string>C97477DF19790C5400B4C4B6</string>
				<string>C97477E01979106E00B4C4B6</string>
			</array>
			<key>isa</key>
			<string>PBXGroup</string>
			<key>name</key>
			<string>Classes</string>
			<key>sourceTree</key>
			<string>&lt;group&gt;</string>
		</dict>
		<key>37AD26051681BCA100B6BD48</key>
		<dict>
			<key>children</key>
			<array>
				<string>37AD25AD1680D8E000B6BD48</string>
				<string>37AD25AE1680D8E000B6BD48</string>
			</array>
			<key>isa</key>
			<string>PBXGroup</string>
			<key>name</key>
			<string>AppDelegate</string>
			<key>sourceTree</key>
			<string>&lt;group&gt;</string>
		</dict>
		<key>37AD26061681BCBB00B6BD48</key>
		<dict>
			<key>children</key>
			<array>
				<string>37AD25B61680D8E000B6BD48</string>
				<string>37AD25B71680D8E000B6BD48</string>
				<string>37AD25BC1680D8E000B6BD48</string>
				<string>37AD25BF1680D8E000B6BD48</string>
			</array>
			<key>isa</key>
			<string>PBXGroup</string>
			<key>name</key>
			<string>MasterViewController</string>
			<key>sourceTree</key>
			<string>&lt;group&gt;</string>
		</dict>
		<key>37AD26071681BCCE00B6BD48</key>
		<dict>
			<key>children</key>
			<array>
				<string>37AD25B91680D8E000B6BD48</string>
				<string>37AD25BA1680D8E000B6BD48</string>
				<string>37AD25C21680D8E000B6BD48</string>
				<string>37AD25C51680D8E000B6BD48</string>
			</array>
			<key>isa</key>
			<string>PBXGroup</string>
			<key>name</key>
			<string>BannerViewController</string>
			<key>sourceTree</key>
			<string>&lt;group&gt;</string>
		</dict>
		<key>37AD26081681C4B800B6BD48</key>
		<dict>
			<key>fileEncoding</key>
			<string>4</string>
			<key>isa</key>
			<string>PBXFileReference</string>
			<key>lastKnownFileType</key>
			<string>sourcecode.c.h</string>
			<key>path</key>
			<string>Constants.h</string>
			<key>sourceTree</key>
			<string>&lt;group&gt;</string>
		</dict>
		<key>37AD26111681D2FF00B6BD48</key>
		<dict>
			<key>isa</key>
			<string>PBXFileReference</string>
			<key>lastKnownFileType</key>
			<string>wrapper.framework</string>
			<key>name</key>
			<string>AVFoundation.framework</string>
			<key>path</key>
			<string>System/Library/Frameworks/AVFoundation.framework</string>
			<key>sourceTree</key>
			<string>SDKROOT</string>
		</dict>
		<key>37AD26121681D2FF00B6BD48</key>
		<dict>
			<key>isa</key>
			<string>PBXFileReference</string>
			<key>lastKnownFileType</key>
			<string>wrapper.framework</string>
			<key>name</key>
			<string>CoreMedia.framework</string>
			<key>path</key>
			<string>System/Library/Frameworks/CoreMedia.framework</string>
			<key>sourceTree</key>
			<string>SDKROOT</string>
		</dict>
		<key>37AD26131681D2FF00B6BD48</key>
		<dict>
			<key>isa</key>
			<string>PBXFileReference</string>
			<key>lastKnownFileType</key>
			<string>wrapper.framework</string>
			<key>name</key>
			<string>SystemConfiguration.framework</string>
			<key>path</key>
			<string>System/Library/Frameworks/SystemConfiguration.framework</string>
			<key>sourceTree</key>
			<string>SDKROOT</string>
		</dict>
		<key>37AD26141681D2FF00B6BD48</key>
		<dict>
			<key>fileRef</key>
			<string>37AD26111681D2FF00B6BD48</string>
			<key>isa</key>
			<string>PBXBuildFile</string>
		</dict>
		<key>37AD26161681D2FF00B6BD48</key>
		<dict>
			<key>fileRef</key>
			<string>37AD26131681D2FF00B6BD48</string>
			<key>isa</key>
			<string>PBXBuildFile</string>
		</dict>
		<key>37AD26171681D31D00B6BD48</key>
		<dict>
			<key>isa</key>
			<string>PBXFileReference</string>
			<key>lastKnownFileType</key>
			<string>wrapper.framework</string>
			<key>name</key>
			<string>StoreKit.framework</string>
			<key>path</key>
			<string>System/Library/Frameworks/StoreKit.framework</string>
			<key>sourceTree</key>
			<string>SDKROOT</string>
		</dict>
		<key>37AD26181681D31D00B6BD48</key>
		<dict>
			<key>isa</key>
			<string>PBXFileReference</string>
			<key>lastKnownFileType</key>
			<string>wrapper.framework</string>
			<key>name</key>
			<string>AdSupport.framework</string>
			<key>path</key>
			<string>System/Library/Frameworks/AdSupport.framework</string>
			<key>sourceTree</key>
			<string>SDKROOT</string>
		</dict>
		<key>37AD26191681D31D00B6BD48</key>
		<dict>
			<key>isa</key>
			<string>PBXFileReference</string>
			<key>lastKnownFileType</key>
			<string>wrapper.framework</string>
			<key>name</key>
			<string>AudioToolbox.framework</string>
			<key>path</key>
			<string>System/Library/Frameworks/AudioToolbox.framework</string>
			<key>sourceTree</key>
			<string>SDKROOT</string>
		</dict>
		<key>37AD261A1681D31D00B6BD48</key>
		<dict>
			<key>isa</key>
			<string>PBXFileReference</string>
			<key>lastKnownFileType</key>
			<string>wrapper.framework</string>
			<key>name</key>
			<string>MediaPlayer.framework</string>
			<key>path</key>
			<string>System/Library/Frameworks/MediaPlayer.framework</string>
			<key>sourceTree</key>
			<string>SDKROOT</string>
		</dict>
		<key>37AD261B1681D31D00B6BD48</key>
		<dict>
			<key>isa</key>
			<string>PBXFileReference</string>
			<key>lastKnownFileType</key>
			<string>wrapper.framework</string>
			<key>name</key>
			<string>MessageUI.framework</string>
			<key>path</key>
			<string>System/Library/Frameworks/MessageUI.framework</string>
			<key>sourceTree</key>
			<string>SDKROOT</string>
		</dict>
		<key>37AD261C1681D31D00B6BD48</key>
		<dict>
			<key>fileRef</key>
			<string>37AD26171681D31D00B6BD48</string>
			<key>isa</key>
			<string>PBXBuildFile</string>
		</dict>
		<key>37AD261D1681D31D00B6BD48</key>
		<dict>
			<key>fileRef</key>
			<string>37AD26181681D31D00B6BD48</string>
			<key>isa</key>
			<string>PBXBuildFile</string>
		</dict>
		<key>37AD261E1681D31D00B6BD48</key>
		<dict>
			<key>fileRef</key>
			<string>37AD26191681D31D00B6BD48</string>
			<key>isa</key>
			<string>PBXBuildFile</string>
		</dict>
		<key>37AD26201681D31D00B6BD48</key>
		<dict>
			<key>fileRef</key>
			<string>37AD261B1681D31D00B6BD48</string>
			<key>isa</key>
			<string>PBXBuildFile</string>
		</dict>
		<key>37AD26211681D9FD00B6BD48</key>
		<dict>
			<key>children</key>
			<array>
				<string>37B0D7AA16958342008C5842</string>
				<string>37AD2649168378EE00B6BD48</string>
				<string>37AD26221681D9FD00B6BD48</string>
			</array>
			<key>isa</key>
			<string>PBXGroup</string>
			<key>name</key>
			<string>images</string>
			<key>path</key>
			<string>Ressources/images</string>
			<key>sourceTree</key>
			<string>&lt;group&gt;</string>
		</dict>
		<key>37AD26221681D9FD00B6BD48</key>
		<dict>
			<key>isa</key>
			<string>PBXFileReference</string>
			<key>lastKnownFileType</key>
			<string>image.png</string>
			<key>path</key>
			<string>bkgPattern.png</string>
			<key>sourceTree</key>
			<string>&lt;group&gt;</string>
		</dict>
		<key>37AD26231681D9FD00B6BD48</key>
		<dict>
			<key>fileRef</key>
			<string>37AD26221681D9FD00B6BD48</string>
			<key>isa</key>
			<string>PBXBuildFile</string>
		</dict>
		<key>37AD26391682362500B6BD48</key>
		<dict>
			<key>children</key>
			<array>
				<string>37AD263A1682364B00B6BD48</string>
				<string>37AD263B1682364B00B6BD48</string>
				<string>37AD263C1682364B00B6BD48</string>
			</array>
			<key>isa</key>
			<string>PBXGroup</string>
			<key>name</key>
			<string>InterstitialViewController</string>
			<key>sourceTree</key>
			<string>&lt;group&gt;</string>
		</dict>
		<key>37AD263A1682364B00B6BD48</key>
		<dict>
			<key>fileEncoding</key>
			<string>4</string>
			<key>isa</key>
			<string>PBXFileReference</string>
			<key>lastKnownFileType</key>
			<string>sourcecode.c.h</string>
			<key>path</key>
			<string>InterstitialViewController.h</string>
			<key>sourceTree</key>
			<string>&lt;group&gt;</string>
		</dict>
		<key>37AD263B1682364B00B6BD48</key>
		<dict>
			<key>fileEncoding</key>
			<string>4</string>
			<key>isa</key>
			<string>PBXFileReference</string>
			<key>lastKnownFileType</key>
			<string>sourcecode.c.objc</string>
			<key>path</key>
			<string>InterstitialViewController.m</string>
			<key>sourceTree</key>
			<string>&lt;group&gt;</string>
		</dict>
		<key>37AD263C1682364B00B6BD48</key>
		<dict>
			<key>fileEncoding</key>
			<string>4</string>
			<key>isa</key>
			<string>PBXFileReference</string>
			<key>lastKnownFileType</key>
			<string>file.xib</string>
			<key>path</key>
			<string>InterstitialViewController.xib</string>
			<key>sourceTree</key>
			<string>&lt;group&gt;</string>
		</dict>
		<key>37AD263D1682364B00B6BD48</key>
		<dict>
			<key>fileRef</key>
			<string>37AD263B1682364B00B6BD48</string>
			<key>isa</key>
			<string>PBXBuildFile</string>
		</dict>
		<key>37AD263E1682364B00B6BD48</key>
		<dict>
			<key>fileRef</key>
			<string>37AD263C1682364B00B6BD48</string>
			<key>isa</key>
			<string>PBXBuildFile</string>
		</dict>
		<key>37AD2649168378EE00B6BD48</key>
		<dict>
			<key>isa</key>
			<string>PBXFileReference</string>
			<key>lastKnownFileType</key>
			<string>image.jpeg</string>
			<key>path</key>
			<string>imgExample.jpg</string>
			<key>sourceTree</key>
			<string>&lt;group&gt;</string>
		</dict>
		<key>37AD264A168378EE00B6BD48</key>
		<dict>
			<key>fileRef</key>
			<string>37AD2649168378EE00B6BD48</string>
			<key>isa</key>
			<string>PBXBuildFile</string>
		</dict>
		<key>37AD264B1683797600B6BD48</key>
		<dict>
			<key>children</key>
			<array>
				<string>37F3F0B0168B2B8600000D42</string>
				<string>37F3F0AF168B2B8100000D42</string>
			</array>
			<key>isa</key>
			<string>PBXGroup</string>
			<key>name</key>
			<string>ParamsViewController</string>
			<key>sourceTree</key>
			<string>&lt;group&gt;</string>
		</dict>
		<key>37AD264C1683798C00B6BD48</key>
		<dict>
			<key>fileEncoding</key>
			<string>4</string>
			<key>isa</key>
			<string>PBXFileReference</string>
			<key>lastKnownFileType</key>
			<string>sourcecode.c.h</string>
			<key>path</key>
			<string>ParamsViewController.h</string>
			<key>sourceTree</key>
			<string>&lt;group&gt;</string>
		</dict>
		<key>37AD264D1683798C00B6BD48</key>
		<dict>
			<key>fileEncoding</key>
			<string>4</string>
			<key>isa</key>
			<string>PBXFileReference</string>
			<key>lastKnownFileType</key>
			<string>sourcecode.c.objc</string>
			<key>path</key>
			<string>ParamsViewController.m</string>
			<key>sourceTree</key>
			<string>&lt;group&gt;</string>
		</dict>
		<key>37AD264E1683798C00B6BD48</key>
		<dict>
			<key>fileEncoding</key>
			<string>4</string>
			<key>isa</key>
			<string>PBXFileReference</string>
			<key>lastKnownFileType</key>
			<string>file.xib</string>
			<key>path</key>
			<string>ParamsViewController.xib</string>
			<key>sourceTree</key>
			<string>&lt;group&gt;</string>
		</dict>
		<key>37AD264F1683798C00B6BD48</key>
		<dict>
			<key>fileRef</key>
			<string>37AD264D1683798C00B6BD48</string>
			<key>isa</key>
			<string>PBXBuildFile</string>
		</dict>
		<key>37AD26501683798C00B6BD48</key>
		<dict>
			<key>fileRef</key>
			<string>37AD264E1683798C00B6BD48</string>
			<key>isa</key>
			<string>PBXBuildFile</string>
		</dict>
		<key>37AD268F1684934400B6BD48</key>
		<dict>
			<key>children</key>
			<array>
				<string>7FF09E2017B927CC0042EB92</string>
				<string>37F3F0BD168B607F00000D42</string>
				<string>37AD26911684935F00B6BD48</string>
				<string>37AD26921684935F00B6BD48</string>
				<string>37AD26941684937400B6BD48</string>
				<string>37AD26951684937400B6BD48</string>
				<string>37F3F0BA168B4CD500000D42</string>
				<string>37F3F0BB168B4CD500000D42</string>
			</array>
			<key>isa</key>
			<string>PBXGroup</string>
			<key>path</key>
			<string>LAAds</string>
			<key>sourceTree</key>
			<string>&lt;group&gt;</string>
		</dict>
		<key>37AD26911684935F00B6BD48</key>
		<dict>
			<key>fileEncoding</key>
			<string>4</string>
			<key>isa</key>
			<string>PBXFileReference</string>
			<key>lastKnownFileType</key>
			<string>sourcecode.c.h</string>
			<key>path</key>
			<string>LABannerView.h</string>
			<key>sourceTree</key>
			<string>&lt;group&gt;</string>
		</dict>
		<key>37AD26921684935F00B6BD48</key>
		<dict>
			<key>fileEncoding</key>
			<string>4</string>
			<key>isa</key>
			<string>PBXFileReference</string>
			<key>lastKnownFileType</key>
			<string>sourcecode.c.objc</string>
			<key>path</key>
			<string>LABannerView.m</string>
			<key>sourceTree</key>
			<string>&lt;group&gt;</string>
		</dict>
		<key>37AD26931684935F00B6BD48</key>
		<dict>
			<key>fileRef</key>
			<string>37AD26921684935F00B6BD48</string>
			<key>isa</key>
			<string>PBXBuildFile</string>
		</dict>
		<key>37AD26941684937400B6BD48</key>
		<dict>
			<key>fileEncoding</key>
			<string>4</string>
			<key>isa</key>
			<string>PBXFileReference</string>
			<key>lastKnownFileType</key>
			<string>sourcecode.c.h</string>
			<key>path</key>
			<string>LAInterstitial.h</string>
			<key>sourceTree</key>
			<string>&lt;group&gt;</string>
		</dict>
		<key>37AD26951684937400B6BD48</key>
		<dict>
			<key>fileEncoding</key>
			<string>4</string>
			<key>isa</key>
			<string>PBXFileReference</string>
			<key>lastKnownFileType</key>
			<string>sourcecode.c.objc</string>
			<key>path</key>
			<string>LAInterstitial.m</string>
			<key>sourceTree</key>
			<string>&lt;group&gt;</string>
		</dict>
		<key>37AD26961684937400B6BD48</key>
		<dict>
			<key>fileRef</key>
			<string>37AD26951684937400B6BD48</string>
			<key>isa</key>
			<string>PBXBuildFile</string>
		</dict>
		<key>37B0D7AA16958342008C5842</key>
		<dict>
			<key>isa</key>
			<string>PBXFileReference</string>
			<key>lastKnownFileType</key>
			<string>image.png</string>
			<key>path</key>
			<string>play_big.png</string>
			<key>sourceTree</key>
			<string>&lt;group&gt;</string>
		</dict>
		<key>37B0D7AB16958342008C5842</key>
		<dict>
			<key>fileRef</key>
			<string>37B0D7AA16958342008C5842</string>
			<key>isa</key>
			<string>PBXBuildFile</string>
		</dict>
		<key>37F3F09E1684B69E00000D42</key>
		<dict>
			<key>children</key>
			<array>
				<string>37F3F0A71684B76C00000D42</string>
				<string>37F3F0A81684B76C00000D42</string>
				<string>37F3F09F1684B69E00000D42</string>
				<string>37F3F0A01684B69E00000D42</string>
				<string>37F3F0A11684B69E00000D42</string>
				<string>37F3F0A21684B69E00000D42</string>
			</array>
			<key>isa</key>
			<string>PBXGroup</string>
			<key>path</key>
			<string>YRDropdownView</string>
			<key>sourceTree</key>
			<string>&lt;group&gt;</string>
		</dict>
		<key>37F3F09F1684B69E00000D42</key>
		<dict>
			<key>isa</key>
			<string>PBXFileReference</string>
			<key>lastKnownFileType</key>
			<string>image.png</string>
			<key>path</key>
			<string>bg-yellow.png</string>
			<key>sourceTree</key>
			<string>&lt;group&gt;</string>
		</dict>
		<key>37F3F0A01684B69E00000D42</key>
		<dict>
			<key>isa</key>
			<string>PBXFileReference</string>
			<key>lastKnownFileType</key>
			<string>image.png</string>
			<key>path</key>
			<string>bg-yellow@2x.png</string>
			<key>sourceTree</key>
			<string>&lt;group&gt;</string>
		</dict>
		<key>37F3F0A11684B69E00000D42</key>
		<dict>
			<key>fileEncoding</key>
			<string>4</string>
			<key>isa</key>
			<string>PBXFileReference</string>
			<key>lastKnownFileType</key>
			<string>sourcecode.c.h</string>
			<key>path</key>
			<string>YRDropdownView.h</string>
			<key>sourceTree</key>
			<string>&lt;group&gt;</string>
		</dict>
		<key>37F3F0A21684B69E00000D42</key>
		<dict>
			<key>fileEncoding</key>
			<string>4</string>
			<key>isa</key>
			<string>PBXFileReference</string>
			<key>lastKnownFileType</key>
			<string>sourcecode.c.objc</string>
			<key>path</key>
			<string>YRDropdownView.m</string>
			<key>sourceTree</key>
			<string>&lt;group&gt;</string>
		</dict>
		<key>37F3F0A31684B69E00000D42</key>
		<dict>
			<key>fileRef</key>
			<string>37F3F09F1684B69E00000D42</string>
			<key>isa</key>
			<string>PBXBuildFile</string>
		</dict>
		<key>37F3F0A41684B69E00000D42</key>
		<dict>
			<key>fileRef</key>
			<string>37F3F0A01684B69E00000D42</string>
			<key>isa</key>
			<string>PBXBuildFile</string>
		</dict>
		<key>37F3F0A51684B69E00000D42</key>
		<dict>
			<key>fileRef</key>
			<string>37F3F0A21684B69E00000D42</string>
			<key>isa</key>
			<string>PBXBuildFile</string>
		</dict>
		<key>37F3F0A71684B76C00000D42</key>
		<dict>
			<key>isa</key>
			<string>PBXFileReference</string>
			<key>lastKnownFileType</key>
			<string>image.png</string>
			<key>path</key>
			<string>dropdown-alert.png</string>
			<key>sourceTree</key>
			<string>&lt;group&gt;</string>
		</dict>
		<key>37F3F0A81684B76C00000D42</key>
		<dict>
			<key>isa</key>
			<string>PBXFileReference</string>
			<key>lastKnownFileType</key>
			<string>image.png</string>
			<key>path</key>
			<string>dropdown-alert@2x.png</string>
			<key>sourceTree</key>
			<string>&lt;group&gt;</string>
		</dict>
		<key>37F3F0A91684B76C00000D42</key>
		<dict>
			<key>fileRef</key>
			<string>37F3F0A71684B76C00000D42</string>
			<key>isa</key>
			<string>PBXBuildFile</string>
		</dict>
		<key>37F3F0AA1684B76C00000D42</key>
		<dict>
			<key>fileRef</key>
			<string>37F3F0A81684B76C00000D42</string>
			<key>isa</key>
			<string>PBXBuildFile</string>
		</dict>
		<key>37F3F0AF168B2B8100000D42</key>
		<dict>
			<key>children</key>
			<array>
				<string>37AD264C1683798C00B6BD48</string>
				<string>37AD264D1683798C00B6BD48</string>
				<string>37AD264E1683798C00B6BD48</string>
			</array>
			<key>isa</key>
			<string>PBXGroup</string>
			<key>name</key>
			<string>iPhone</string>
			<key>sourceTree</key>
			<string>&lt;group&gt;</string>
		</dict>
		<key>37F3F0B0168B2B8600000D42</key>
		<dict>
			<key>children</key>
			<array>
				<string>37F3F0B1168B2BB500000D42</string>
				<string>37F3F0B2168B2BB500000D42</string>
				<string>37F3F0B3168B2BB500000D42</string>
			</array>
			<key>isa</key>
			<string>PBXGroup</string>
			<key>name</key>
			<string>iPad</string>
			<key>sourceTree</key>
			<string>&lt;group&gt;</string>
		</dict>
		<key>37F3F0B1168B2BB500000D42</key>
		<dict>
			<key>fileEncoding</key>
			<string>4</string>
			<key>isa</key>
			<string>PBXFileReference</string>
			<key>lastKnownFileType</key>
			<string>sourcecode.c.h</string>
			<key>path</key>
			<string>ParamsViewController_iPadViewController.h</string>
			<key>sourceTree</key>
			<string>&lt;group&gt;</string>
		</dict>
		<key>37F3F0B2168B2BB500000D42</key>
		<dict>
			<key>fileEncoding</key>
			<string>4</string>
			<key>isa</key>
			<string>PBXFileReference</string>
			<key>lastKnownFileType</key>
			<string>sourcecode.c.objc</string>
			<key>path</key>
			<string>ParamsViewController_iPadViewController.m</string>
			<key>sourceTree</key>
			<string>&lt;group&gt;</string>
		</dict>
		<key>37F3F0B3168B2BB500000D42</key>
		<dict>
			<key>fileEncoding</key>
			<string>4</string>
			<key>isa</key>
			<string>PBXFileReference</string>
			<key>lastKnownFileType</key>
			<string>file.xib</string>
			<key>path</key>
			<string>ParamsViewController_iPadViewController.xib</string>
			<key>sourceTree</key>
			<string>&lt;group&gt;</string>
		</dict>
		<key>37F3F0B4168B2BB500000D42</key>
		<dict>
			<key>fileRef</key>
			<string>37F3F0B2168B2BB500000D42</string>
			<key>isa</key>
			<string>PBXBuildFile</string>
		</dict>
		<key>37F3F0B5168B2BB500000D42</key>
		<dict>
			<key>fileRef</key>
			<string>37F3F0B3168B2BB500000D42</string>
			<key>isa</key>
			<string>PBXBuildFile</string>
		</dict>
		<key>37F3F0BA168B4CD500000D42</key>
		<dict>
			<key>fileEncoding</key>
			<string>4</string>
			<key>isa</key>
			<string>PBXFileReference</string>
			<key>lastKnownFileType</key>
			<string>sourcecode.c.h</string>
			<key>path</key>
			<string>LAAdTags.h</string>
			<key>sourceTree</key>
			<string>&lt;group&gt;</string>
		</dict>
		<key>37F3F0BB168B4CD500000D42</key>
		<dict>
			<key>fileEncoding</key>
			<string>4</string>
			<key>isa</key>
			<string>PBXFileReference</string>
			<key>lastKnownFileType</key>
			<string>sourcecode.c.objc</string>
			<key>path</key>
			<string>LAAdTags.m</string>
			<key>sourceTree</key>
			<string>&lt;group&gt;</string>
		</dict>
		<key>37F3F0BC168B4CD500000D42</key>
		<dict>
			<key>fileRef</key>
			<string>37F3F0BB168B4CD500000D42</string>
			<key>isa</key>
			<string>PBXBuildFile</string>
		</dict>
		<key>37F3F0BD168B607F00000D42</key>
		<dict>
			<key>isa</key>
			<string>PBXFileReference</string>
			<key>lastKnownFileType</key>
			<string>sourcecode.c.h</string>
			<key>path</key>
			<string>LADFPAdsHeader.h</string>
			<key>sourceTree</key>
			<string>&lt;group&gt;</string>
		</dict>
		<key>7F2DEC9517A7B68A00DCD28A</key>
		<dict>
			<key>children</key>
			<array>
				<string>C98847711961DDB900045F09</string>
			</array>
			<key>isa</key>
			<string>PBXGroup</string>
			<key>name</key>
			<string>GoogleDFP_SDKs</string>
			<key>path</key>
			<string>LAD-DFP/GoogleDFP_SDKs</string>
			<key>sourceTree</key>
			<string>SOURCE_ROOT</string>
		</dict>
		<key>7FF09E1E17B9159F0042EB92</key>
		<dict>
			<key>isa</key>
			<string>PBXFileReference</string>
			<key>lastKnownFileType</key>
			<string>wrapper.framework</string>
			<key>name</key>
			<string>CoreLocation.framework</string>
			<key>path</key>
			<string>System/Library/Frameworks/CoreLocation.framework</string>
			<key>sourceTree</key>
			<string>SDKROOT</string>
		</dict>
		<key>7FF09E1F17B9159F0042EB92</key>
		<dict>
			<key>fileRef</key>
			<string>7FF09E1E17B9159F0042EB92</string>
			<key>isa</key>
			<string>PBXBuildFile</string>
		</dict>
		<key>7FF09E2017B927CC0042EB92</key>
		<dict>
			<key>children</key>
			<array>
				<string>7FF09E2117B92B1C0042EB92</string>
				<string>7FF09E2217B92B1C0042EB92</string>
			</array>
			<key>isa</key>
			<string>PBXGroup</string>
			<key>name</key>
			<string>GeoLocManager</string>
			<key>sourceTree</key>
			<string>&lt;group&gt;</string>
		</dict>
		<key>7FF09E2117B92B1C0042EB92</key>
		<dict>
			<key>fileEncoding</key>
			<string>4</string>
			<key>isa</key>
			<string>PBXFileReference</string>
			<key>lastKnownFileType</key>
			<string>sourcecode.c.h</string>
			<key>path</key>
			<string>GeolocManager.h</string>
			<key>sourceTree</key>
			<string>&lt;group&gt;</string>
		</dict>
		<key>7FF09E2217B92B1C0042EB92</key>
		<dict>
			<key>fileEncoding</key>
			<string>4</string>
			<key>isa</key>
			<string>PBXFileReference</string>
			<key>lastKnownFileType</key>
			<string>sourcecode.c.objc</string>
			<key>path</key>
			<string>GeolocManager.m</string>
			<key>sourceTree</key>
			<string>&lt;group&gt;</string>
		</dict>
		<key>7FF09E2317B92B1C0042EB92</key>
		<dict>
			<key>fileRef</key>
			<string>7FF09E2217B92B1C0042EB92</string>
			<key>isa</key>
			<string>PBXBuildFile</string>
		</dict>
		<key>C91DE06F18D2326D00A28AC6</key>
		<dict>
			<key>isa</key>
			<string>PBXFileReference</string>
			<key>lastKnownFileType</key>
			<string>wrapper.framework</string>
			<key>name</key>
			<string>CoreTelephony.framework</string>
			<key>path</key>
			<string>System/Library/Frameworks/CoreTelephony.framework</string>
			<key>sourceTree</key>
			<string>SDKROOT</string>
		</dict>
		<key>C91DE07218D232BC00A28AC6</key>
		<dict>
			<key>fileRef</key>
			<string>C91DE06F18D2326D00A28AC6</string>
			<key>isa</key>
			<string>PBXBuildFile</string>
		</dict>
		<key>C97477DF19790C5400B4C4B6</key>
		<dict>
			<key>children</key>
			<array>
				<string>7F2DEC9517A7B68A00DCD28A</string>
				<string>37AD268F1684934400B6BD48</string>
			</array>
			<key>isa</key>
			<string>PBXGroup</string>
			<key>name</key>
			<string>LAD-DFP_Wrapper</string>
			<key>sourceTree</key>
			<string>&lt;group&gt;</string>
		</dict>
		<key>C97477E01979106E00B4C4B6</key>
		<dict>
			<key>children</key>
			<array>
				<string>37AD26051681BCA100B6BD48</string>
				<string>37AD26061681BCBB00B6BD48</string>
				<string>37AD26391682362500B6BD48</string>
				<string>37AD26071681BCCE00B6BD48</string>
				<string>37AD264B1683797600B6BD48</string>
				<string>37F3F09E1684B69E00000D42</string>
			</array>
			<key>isa</key>
			<string>PBXGroup</string>
			<key>name</key>
			<string>AppSample</string>
			<key>sourceTree</key>
			<string>&lt;group&gt;</string>
		</dict>
		<key>C97477E1197945D000B4C4B6</key>
		<dict>
			<key>isa</key>
			<string>PBXFileReference</string>
			<key>lastKnownFileType</key>
			<string>image.png</string>
			<key>path</key>
			<string>Icon120x120.png</string>
			<key>sourceTree</key>
			<string>SOURCE_ROOT</string>
		</dict>
		<key>C97477E2197945D000B4C4B6</key>
		<dict>
			<key>fileRef</key>
			<string>C97477E1197945D000B4C4B6</string>
			<key>isa</key>
			<string>PBXBuildFile</string>
		</dict>
		<key>C98847711961DDB900045F09</key>
		<dict>
			<key>children</key>
			<array>
				<string>C98847721961DDB900045F09</string>
				<string>C98847851961DDB900045F09</string>
				<string>C98847861961DDB900045F09</string>
				<string>C98847871961DDB900045F09</string>
				<string>C98847881961DDB900045F09</string>
				<string>C98847891961DDB900045F09</string>
				<string>C988478A1961DDB900045F09</string>
				<string>C988478B1961DDB900045F09</string>
				<string>C988478C1961DDB900045F09</string>
				<string>C988478D1961DDB900045F09</string>
				<string>C988478E1961DDB900045F09</string>
				<string>C988478F1961DDB900045F09</string>
				<string>C98847901961DDB900045F09</string>
				<string>C98847911961DDB900045F09</string>
				<string>C98847921961DDB900045F09</string>
			</array>
			<key>isa</key>
			<string>PBXGroup</string>
			<key>path</key>
			<string>GoogleMobileAdsSdkiOS-6.9.3</string>
			<key>sourceTree</key>
			<string>&lt;group&gt;</string>
		</dict>
		<key>C98847721961DDB900045F09</key>
		<dict>
			<key>children</key>
			<array>
				<string>C98847731961DDB900045F09</string>
				<string>C988477B1961DDB900045F09</string>
				<string>C98847821961DDB900045F09</string>
			</array>
			<key>isa</key>
			<string>PBXGroup</string>
			<key>path</key>
			<string>Add-ons</string>
			<key>sourceTree</key>
			<string>&lt;group&gt;</string>
		</dict>
		<key>C98847731961DDB900045F09</key>
		<dict>
			<key>children</key>
			<array>
				<string>C98847741961DDB900045F09</string>
				<string>C98847751961DDB900045F09</string>
				<string>C98847761961DDB900045F09</string>
				<string>C98847771961DDB900045F09</string>
				<string>C98847781961DDB900045F09</string>
				<string>C98847791961DDB900045F09</string>
				<string>C988477A1961DDB900045F09</string>
			</array>
			<key>isa</key>
			<string>PBXGroup</string>
			<key>path</key>
			<string>DoubleClick</string>
			<key>sourceTree</key>
			<string>&lt;group&gt;</string>
		</dict>
		<key>C98847741961DDB900045F09</key>
		<dict>
			<key>fileEncoding</key>
			<string>4</string>
			<key>isa</key>
			<string>PBXFileReference</string>
			<key>lastKnownFileType</key>
			<string>sourcecode.c.h</string>
			<key>path</key>
			<string>DFPBannerView.h</string>
			<key>sourceTree</key>
			<string>&lt;group&gt;</string>
		</dict>
		<key>C98847751961DDB900045F09</key>
		<dict>
			<key>fileEncoding</key>
			<string>4</string>
			<key>isa</key>
			<string>PBXFileReference</string>
			<key>lastKnownFileType</key>
			<string>sourcecode.c.h</string>
			<key>path</key>
			<string>DFPExtras.h</string>
			<key>sourceTree</key>
			<string>&lt;group&gt;</string>
		</dict>
		<key>C98847761961DDB900045F09</key>
		<dict>
			<key>fileEncoding</key>
			<string>4</string>
			<key>isa</key>
			<string>PBXFileReference</string>
			<key>lastKnownFileType</key>
			<string>sourcecode.c.h</string>
			<key>path</key>
			<string>DFPInterstitial.h</string>
			<key>sourceTree</key>
			<string>&lt;group&gt;</string>
		</dict>
		<key>C98847771961DDB900045F09</key>
		<dict>
			<key>fileEncoding</key>
			<string>4</string>
			<key>isa</key>
			<string>PBXFileReference</string>
			<key>lastKnownFileType</key>
			<string>sourcecode.c.h</string>
			<key>path</key>
			<string>DFPSwipeableBannerView.h</string>
			<key>sourceTree</key>
			<string>&lt;group&gt;</string>
		</dict>
		<key>C98847781961DDB900045F09</key>
		<dict>
			<key>fileEncoding</key>
			<string>4</string>
			<key>isa</key>
			<string>PBXFileReference</string>
			<key>lastKnownFileType</key>
			<string>sourcecode.c.h</string>
			<key>path</key>
			<string>GADAdSizeDelegate.h</string>
			<key>sourceTree</key>
			<string>&lt;group&gt;</string>
		</dict>
		<key>C98847791961DDB900045F09</key>
		<dict>
			<key>fileEncoding</key>
			<string>4</string>
			<key>isa</key>
			<string>PBXFileReference</string>
			<key>lastKnownFileType</key>
			<string>sourcecode.c.h</string>
			<key>path</key>
			<string>GADAppEventDelegate.h</string>
			<key>sourceTree</key>
			<string>&lt;group&gt;</string>
		</dict>
		<key>C988477A1961DDB900045F09</key>
		<dict>
			<key>fileEncoding</key>
			<string>4</string>
			<key>isa</key>
			<string>PBXFileReference</string>
			<key>lastKnownFileType</key>
			<string>sourcecode.c.h</string>
			<key>path</key>
			<string>GADSwipeableBannerViewDelegate.h</string>
			<key>sourceTree</key>
			<string>&lt;group&gt;</string>
		</dict>
		<key>C988477B1961DDB900045F09</key>
		<dict>
			<key>children</key>
			<array>
				<string>C988477C1961DDB900045F09</string>
				<string>C988477D1961DDB900045F09</string>
				<string>C988477E1961DDB900045F09</string>
				<string>C988477F1961DDB900045F09</string>
				<string>C98847801961DDB900045F09</string>
				<string>C98847811961DDB900045F09</string>
			</array>
			<key>isa</key>
			<string>PBXGroup</string>
			<key>path</key>
			<string>Mediation</string>
			<key>sourceTree</key>
			<string>&lt;group&gt;</string>
		</dict>
		<key>C988477C1961DDB900045F09</key>
		<dict>
			<key>fileEncoding</key>
			<string>4</string>
			<key>isa</key>
			<string>PBXFileReference</string>
			<key>lastKnownFileType</key>
			<string>sourcecode.c.h</string>
			<key>path</key>
			<string>GADCustomEventBanner.h</string>
			<key>sourceTree</key>
			<string>&lt;group&gt;</string>
		</dict>
		<key>C988477D1961DDB900045F09</key>
		<dict>
			<key>fileEncoding</key>
			<string>4</string>
			<key>isa</key>
			<string>PBXFileReference</string>
			<key>lastKnownFileType</key>
			<string>sourcecode.c.h</string>
			<key>path</key>
			<string>GADCustomEventBannerDelegate.h</string>
			<key>sourceTree</key>
			<string>&lt;group&gt;</string>
		</dict>
		<key>C988477E1961DDB900045F09</key>
		<dict>
			<key>fileEncoding</key>
			<string>4</string>
			<key>isa</key>
			<string>PBXFileReference</string>
			<key>lastKnownFileType</key>
			<string>sourcecode.c.h</string>
			<key>path</key>
			<string>GADCustomEventExtras.h</string>
			<key>sourceTree</key>
			<string>&lt;group&gt;</string>
		</dict>
		<key>C988477F1961DDB900045F09</key>
		<dict>
			<key>fileEncoding</key>
			<string>4</string>
			<key>isa</key>
			<string>PBXFileReference</string>
			<key>lastKnownFileType</key>
			<string>sourcecode.c.h</string>
			<key>path</key>
			<string>GADCustomEventInterstitial.h</string>
			<key>sourceTree</key>
			<string>&lt;group&gt;</string>
		</dict>
		<key>C98847801961DDB900045F09</key>
		<dict>
			<key>fileEncoding</key>
			<string>4</string>
			<key>isa</key>
			<string>PBXFileReference</string>
			<key>lastKnownFileType</key>
			<string>sourcecode.c.h</string>
			<key>path</key>
			<string>GADCustomEventInterstitialDelegate.h</string>
			<key>sourceTree</key>
			<string>&lt;group&gt;</string>
		</dict>
		<key>C98847811961DDB900045F09</key>
		<dict>
			<key>fileEncoding</key>
			<string>4</string>
			<key>isa</key>
			<string>PBXFileReference</string>
			<key>lastKnownFileType</key>
			<string>sourcecode.c.h</string>
			<key>path</key>
			<string>GADCustomEventRequest.h</string>
			<key>sourceTree</key>
			<string>&lt;group&gt;</string>
		</dict>
		<key>C98847821961DDB900045F09</key>
		<dict>
			<key>children</key>
			<array>
				<string>C98847831961DDB900045F09</string>
				<string>C98847841961DDB900045F09</string>
			</array>
			<key>isa</key>
			<string>PBXGroup</string>
			<key>path</key>
			<string>Search</string>
			<key>sourceTree</key>
			<string>&lt;group&gt;</string>
		</dict>
		<key>C98847831961DDB900045F09</key>
		<dict>
			<key>fileEncoding</key>
			<string>4</string>
			<key>isa</key>
			<string>PBXFileReference</string>
			<key>lastKnownFileType</key>
			<string>sourcecode.c.h</string>
			<key>path</key>
			<string>GADSearchBannerView.h</string>
			<key>sourceTree</key>
			<string>&lt;group&gt;</string>
		</dict>
		<key>C98847841961DDB900045F09</key>
		<dict>
			<key>fileEncoding</key>
			<string>4</string>
			<key>isa</key>
			<string>PBXFileReference</string>
			<key>lastKnownFileType</key>
			<string>sourcecode.c.h</string>
			<key>path</key>
			<string>GADSearchRequest.h</string>
			<key>sourceTree</key>
			<string>&lt;group&gt;</string>
		</dict>
		<key>C98847851961DDB900045F09</key>
		<dict>
			<key>fileEncoding</key>
			<string>4</string>
			<key>isa</key>
			<string>PBXFileReference</string>
			<key>lastKnownFileType</key>
			<string>sourcecode.c.h</string>
			<key>path</key>
			<string>GADAdMobExtras.h</string>
			<key>sourceTree</key>
			<string>&lt;group&gt;</string>
		</dict>
		<key>C98847861961DDB900045F09</key>
		<dict>
			<key>fileEncoding</key>
			<string>4</string>
			<key>isa</key>
			<string>PBXFileReference</string>
			<key>lastKnownFileType</key>
			<string>sourcecode.c.h</string>
			<key>path</key>
			<string>GADAdNetworkExtras.h</string>
			<key>sourceTree</key>
			<string>&lt;group&gt;</string>
		</dict>
		<key>C98847871961DDB900045F09</key>
		<dict>
			<key>fileEncoding</key>
			<string>4</string>
			<key>isa</key>
			<string>PBXFileReference</string>
			<key>lastKnownFileType</key>
			<string>sourcecode.c.h</string>
			<key>path</key>
			<string>GADAdSize.h</string>
			<key>sourceTree</key>
			<string>&lt;group&gt;</string>
		</dict>
		<key>C98847881961DDB900045F09</key>
		<dict>
			<key>fileEncoding</key>
			<string>4</string>
			<key>isa</key>
			<string>PBXFileReference</string>
			<key>lastKnownFileType</key>
			<string>sourcecode.c.h</string>
			<key>path</key>
			<string>GADBannerView.h</string>
			<key>sourceTree</key>
			<string>&lt;group&gt;</string>
		</dict>
		<key>C98847891961DDB900045F09</key>
		<dict>
			<key>fileEncoding</key>
			<string>4</string>
			<key>isa</key>
			<string>PBXFileReference</string>
			<key>lastKnownFileType</key>
			<string>sourcecode.c.h</string>
			<key>path</key>
			<string>GADBannerViewDelegate.h</string>
			<key>sourceTree</key>
			<string>&lt;group&gt;</string>
		</dict>
		<key>C988478A1961DDB900045F09</key>
		<dict>
			<key>fileEncoding</key>
			<string>4</string>
			<key>isa</key>
			<string>PBXFileReference</string>
			<key>lastKnownFileType</key>
			<string>sourcecode.c.h</string>
			<key>path</key>
			<string>GADInAppPurchase.h</string>
			<key>sourceTree</key>
			<string>&lt;group&gt;</string>
		</dict>
		<key>C988478B1961DDB900045F09</key>
		<dict>
			<key>fileEncoding</key>
			<string>4</string>
			<key>isa</key>
			<string>PBXFileReference</string>
			<key>lastKnownFileType</key>
			<string>sourcecode.c.h</string>
			<key>path</key>
			<string>GADInAppPurchaseDelegate.h</string>
			<key>sourceTree</key>
			<string>&lt;group&gt;</string>
		</dict>
		<key>C988478C1961DDB900045F09</key>
		<dict>
			<key>fileEncoding</key>
			<string>4</string>
			<key>isa</key>
			<string>PBXFileReference</string>
			<key>lastKnownFileType</key>
			<string>sourcecode.c.h</string>
			<key>path</key>
			<string>GADInterstitial.h</string>
			<key>sourceTree</key>
			<string>&lt;group&gt;</string>
		</dict>
		<key>C988478D1961DDB900045F09</key>
		<dict>
			<key>fileEncoding</key>
			<string>4</string>
			<key>isa</key>
			<string>PBXFileReference</string>
			<key>lastKnownFileType</key>
			<string>sourcecode.c.h</string>
			<key>path</key>
			<string>GADInterstitialDelegate.h</string>
			<key>sourceTree</key>
			<string>&lt;group&gt;</string>
		</dict>
		<key>C988478E1961DDB900045F09</key>
		<dict>
			<key>fileEncoding</key>
			<string>4</string>
			<key>isa</key>
			<string>PBXFileReference</string>
			<key>lastKnownFileType</key>
			<string>sourcecode.c.h</string>
			<key>path</key>
			<string>GADModules.h</string>
			<key>sourceTree</key>
			<string>&lt;group&gt;</string>
		</dict>
		<key>C988478F1961DDB900045F09</key>
		<dict>
			<key>fileEncoding</key>
			<string>4</string>
			<key>isa</key>
			<string>PBXFileReference</string>
			<key>lastKnownFileType</key>
			<string>sourcecode.c.h</string>
			<key>path</key>
			<string>GADRequest.h</string>
			<key>sourceTree</key>
			<string>&lt;group&gt;</string>
		</dict>
		<key>C98847901961DDB900045F09</key>
		<dict>
			<key>fileEncoding</key>
			<string>4</string>
			<key>isa</key>
			<string>PBXFileReference</string>
			<key>lastKnownFileType</key>
			<string>sourcecode.c.h</string>
			<key>path</key>
			<string>GADRequestError.h</string>
			<key>sourceTree</key>
			<string>&lt;group&gt;</string>
		</dict>
		<key>C98847911961DDB900045F09</key>
		<dict>
			<key>isa</key>
			<string>PBXFileReference</string>
			<key>lastKnownFileType</key>
			<string>archive.ar</string>
			<key>path</key>
			<string>libGoogleAdMobAds.a</string>
			<key>sourceTree</key>
			<string>&lt;group&gt;</string>
		</dict>
		<key>C98847921961DDB900045F09</key>
		<dict>
			<key>fileEncoding</key>
			<string>4</string>
			<key>isa</key>
			<string>PBXFileReference</string>
			<key>lastKnownFileType</key>
			<string>text</string>
			<key>path</key>
			<string>README.txt</string>
			<key>sourceTree</key>
			<string>&lt;group&gt;</string>
		</dict>
		<key>C98847931961DDB900045F09</key>
		<dict>
			<key>fileRef</key>
			<string>C98847911961DDB900045F09</string>
			<key>isa</key>
			<string>PBXBuildFile</string>
		</dict>
		<key>C98847941961DDB900045F09</key>
		<dict>
			<key>fileRef</key>
			<string>C98847921961DDB900045F09</string>
			<key>isa</key>
			<string>PBXBuildFile</string>
		</dict>
		<key>D9CC610516AEC68800E33E0B</key>
		<dict>
			<key>isa</key>
			<string>PBXFileReference</string>
			<key>lastKnownFileType</key>
			<string>wrapper.framework</string>
			<key>name</key>
			<string>QuartzCore.framework</string>
			<key>path</key>
			<string>System/Library/Frameworks/QuartzCore.framework</string>
			<key>sourceTree</key>
			<string>SDKROOT</string>
		</dict>
		<key>D9CC610616AEC68800E33E0B</key>
		<dict>
			<key>fileRef</key>
			<string>D9CC610516AEC68800E33E0B</string>
			<key>isa</key>
			<string>PBXBuildFile</string>
		</dict>
	</dict>
	<key>rootObject</key>
	<string>37AD25911680D8E000B6BD48</string>
</dict>
</plist>
